
Microsoft Visual Studio Solution File, Format Version 12.00
# Visual Studio Version 17
VisualStudioVersion = 17.5.33627.172
MinimumVisualStudioVersion = 10.0.40219.1
Project("{FAE04EC0-301F-11D3-BF4B-00C04F79EFBC}") = "Side_scroll", "Side_scroll\Side_scroll.csproj", "{78D8ECF6-F583-4705-9AFB-F2315BD022C8}"
EndProject
Global
	GlobalSection(SolutionConfigurationPlatforms) = preSolution
		Debug|Any CPU = Debug|Any CPU
		Release|Any CPU = Release|Any CPU
	EndGlobalSection
	GlobalSection(ProjectConfigurationPlatforms) = postSolution
		{78D8ECF6-F583-4705-9AFB-F2315BD022C8}.Debug|Any CPU.ActiveCfg = Debug|Any CPU
		{78D8ECF6-F583-4705-9AFB-F2315BD022C8}.Debug|Any CPU.Build.0 = Debug|Any CPU
		{78D8ECF6-F583-4705-9AFB-F2315BD022C8}.Release|Any CPU.ActiveCfg = Release|Any CPU
		{78D8ECF6-F583-4705-9AFB-F2315BD022C8}.Release|Any CPU.Build.0 = Release|Any CPU
	EndGlobalSection
	GlobalSection(SolutionProperties) = preSolution
		HideSolutionNode = FALSE
	EndGlobalSection
	GlobalSection(ExtensibilityGlobals) = postSolution
		SolutionGuid = {1E63B3F9-7899-4A70-96A0-65518836E2B7}
	EndGlobalSection
EndGlobal
